
Microsoft Visual Studio Solution File, Format Version 12.00
# Visual Studio 2012
Project("{FAE04EC0-301F-11D3-BF4B-00C04F79EFBC}") = "file2md5", "file2md5\file2md5.csproj", "{976DD92F-5107-4221-B108-B6DE4D2FDEBB}"
EndProject
Global
	GlobalSection(SolutionConfigurationPlatforms) = preSolution
		Debug|Any CPU = Debug|Any CPU
		Release|Any CPU = Release|Any CPU
	EndGlobalSection
	GlobalSection(ProjectConfigurationPlatforms) = postSolution
		{976DD92F-5107-4221-B108-B6DE4D2FDEBB}.Debug|Any CPU.ActiveCfg = Debug|Any CPU
		{976DD92F-5107-4221-B108-B6DE4D2FDEBB}.Debug|Any CPU.Build.0 = Debug|Any CPU
		{976DD92F-5107-4221-B108-B6DE4D2FDEBB}.Release|Any CPU.ActiveCfg = Release|Any CPU
		{976DD92F-5107-4221-B108-B6DE4D2FDEBB}.Release|Any CPU.Build.0 = Release|Any CPU
	EndGlobalSection
	GlobalSection(SolutionProperties) = preSolution
		HideSolutionNode = FALSE
	EndGlobalSection
EndGlobal
